
Microsoft Visual Studio Solution File, Format Version 12.00
# Visual Studio Version 17
VisualStudioVersion = 17.1.32210.238
MinimumVisualStudioVersion = 10.0.40219.1
Project("{FAE04EC0-301F-11D3-BF4B-00C04F79EFBC}") = "FacialRecognitionApp", "FacialRecognitionApp.csproj", "{6785884C-9ECC-475F-B429-96D832F8AA38}"
EndProject
Global
	GlobalSection(SolutionConfigurationPlatforms) = preSolution
		Debug|Any CPU = Debug|Any CPU
		Release|Any CPU = Release|Any CPU
	EndGlobalSection
	GlobalSection(ProjectConfigurationPlatforms) = postSolution
		{6785884C-9ECC-475F-B429-96D832F8AA38}.Debug|Any CPU.ActiveCfg = Debug|Any CPU
		{6785884C-9ECC-475F-B429-96D832F8AA38}.Debug|Any CPU.Build.0 = Debug|Any CPU
		{6785884C-9ECC-475F-B429-96D832F8AA38}.Release|Any CPU.ActiveCfg = Release|Any CPU
		{6785884C-9ECC-475F-B429-96D832F8AA38}.Release|Any CPU.Build.0 = Release|Any CPU
	EndGlobalSection
	GlobalSection(SolutionProperties) = preSolution
		HideSolutionNode = FALSE
	EndGlobalSection
	GlobalSection(ExtensibilityGlobals) = postSolution
		SolutionGuid = {2EA8C538-FC0C-4799-B977-8FF1A4101422}
	EndGlobalSection
EndGlobal
